// !$*UTF8*$!
{
	archiveVersion = 1;
	classes = {
	};
	objectVersion = 46;
	objects = {

/* Begin PBXBuildFile section */
		9988211ADA9F7772B03E2515 /* Pods_taskapp.framework in Frameworks */ = {isa = PBXBuildFile; fileRef = 53B516C44E5318A6CF637BFD /* Pods_taskapp.framework */; };
		B52A71D01F0E5A2600B51C97 /* Task.swift in Sources */ = {isa = PBXBuildFile; fileRef = B52A71CF1F0E5A2600B51C97 /* Task.swift */; };
		B56419B31F07428A0050E7BE /* AppDelegate.swift in Sources */ = {isa = PBXBuildFile; fileRef = B56419B21F07428A0050E7BE /* AppDelegate.swift */; };
		B56419B51F07428A0050E7BE /* ViewController.swift in Sources */ = {isa = PBXBuildFile; fileRef = B56419B41F07428A0050E7BE /* ViewController.swift */; };
		B56419B81F07428A0050E7BE /* Main.storyboard in Resources */ = {isa = PBXBuildFile; fileRef = B56419B61F07428A0050E7BE /* Main.storyboard */; };
		B56419BA1F07428A0050E7BE /* Assets.xcassets in Resources */ = {isa = PBXBuildFile; fileRef = B56419B91F07428A0050E7BE /* Assets.xcassets */; };
		B56419BD1F07428A0050E7BE /* LaunchScreen.storyboard in Resources */ = {isa = PBXBuildFile; fileRef = B56419BB1F07428A0050E7BE /* LaunchScreen.storyboard */; };
		B56419C51F07570B0050E7BE /* InputViewController.swift in Sources */ = {isa = PBXBuildFile; fileRef = B56419C41F07570B0050E7BE /* InputViewController.swift */; };
/* End PBXBuildFile section */

/* Begin PBXFileReference section */
		53B516C44E5318A6CF637BFD /* Pods_taskapp.framework */ = {isa = PBXFileReference; explicitFileType = wrapper.framework; includeInIndex = 0; path = Pods_taskapp.framework; sourceTree = BUILT_PRODUCTS_DIR; };
		7EED22907091F99A55DC60E8 /* Pods-taskapp.debug.xcconfig */ = {isa = PBXFileReference; includeInIndex = 1; lastKnownFileType = text.xcconfig; name = "Pods-taskapp.debug.xcconfig"; path = "Pods/Target Support Files/Pods-taskapp/Pods-taskapp.debug.xcconfig"; sourceTree = "<group>"; };
		90C6F1F26CA0A2D51CE00AF2 /* Pods-taskapp.release.xcconfig */ = {isa = PBXFileReference; includeInIndex = 1; lastKnownFileType = text.xcconfig; name = "Pods-taskapp.release.xcconfig"; path = "Pods/Target Support Files/Pods-taskapp/Pods-taskapp.release.xcconfig"; sourceTree = "<group>"; };
		B52A71CF1F0E5A2600B51C97 /* Task.swift */ = {isa = PBXFileReference; fileEncoding = 4; lastKnownFileType = sourcecode.swift; path = Task.swift; sourceTree = "<group>"; };
		B56419AF1F07428A0050E7BE /* taskapp.app */ = {isa = PBXFileReference; explicitFileType = wrapper.application; includeInIndex = 0; path = taskapp.app; sourceTree = BUILT_PRODUCTS_DIR; };
		B56419B21F07428A0050E7BE /* AppDelegate.swift */ = {isa = PBXFileReference; lastKnownFileType = sourcecode.swift; path = AppDelegate.swift; sourceTree = "<group>"; };
		B56419B41F07428A0050E7BE /* ViewController.swift */ = {isa = PBXFileReference; lastKnownFileType = sourcecode.swift; path = ViewController.swift; sourceTree = "<group>"; };
		B56419B71F07428A0050E7BE /* Base */ = {isa = PBXFileReference; lastKnownFileType = file.storyboard; name = Base; path = Base.lproj/Main.storyboard; sourceTree = "<group>"; };
		B56419B91F07428A0050E7BE /* Assets.xcassets */ = {isa = PBXFileReference; lastKnownFileType = folder.assetcatalog; path = Assets.xcassets; sourceTree = "<group>"; };
		B56419BC1F07428A0050E7BE /* Base */ = {isa = PBXFileReference; lastKnownFileType = file.storyboard; name = Base; path = Base.lproj/LaunchScreen.storyboard; sourceTree = "<group>"; };
		B56419BE1F07428A0050E7BE /* Info.plist */ = {isa = PBXFileReference; lastKnownFileType = text.plist.xml; path = Info.plist; sourceTree = "<group>"; };
		B56419C41F07570B0050E7BE /* InputViewController.swift */ = {isa = PBXFileReference; fileEncoding = 4; lastKnownFileType = sourcecode.swift; path = InputViewController.swift; sourceTree = "<group>"; };
/* End PBXFileReference section */

/* Begin PBXFrameworksBuildPhase section */
		B56419AC1F07428A0050E7BE /* Frameworks */ = {
			isa = PBXFrameworksBuildPhase;
			buildActionMask = 2147483647;
			files = (
				9988211ADA9F7772B03E2515 /* Pods_taskapp.framework in Frameworks */,
			);
			runOnlyForDeploymentPostprocessing = 0;
		};
/* End PBXFrameworksBuildPhase section */

/* Begin PBXGroup section */
		169FF2201821193DE5C25107 /* Frameworks */ = {
			isa = PBXGroup;
			children = (
				53B516C44E5318A6CF637BFD /* Pods_taskapp.framework */,
			);
			name = Frameworks;
			sourceTree = "<group>";
		};
		B56419A61F07428A0050E7BE = {
			isa = PBXGroup;
			children = (
				B56419C41F07570B0050E7BE /* InputViewController.swift */,
				B56419B11F07428A0050E7BE /* taskapp */,
				B56419B01F07428A0050E7BE /* Products */,
				C750EBA6725BCC284D8AAA34 /* Pods */,
				169FF2201821193DE5C25107 /* Frameworks */,
			);
			sourceTree = "<group>";
		};
		B56419B01F07428A0050E7BE /* Products */ = {
			isa = PBXGroup;
			children = (
				B56419AF1F07428A0050E7BE /* taskapp.app */,
			);
			name = Products;
			sourceTree = "<group>";
		};
		B56419B11F07428A0050E7BE /* taskapp */ = {
			isa = PBXGroup;
			children = (
				B56419B21F07428A0050E7BE /* AppDelegate.swift */,
				B56419B41F07428A0050E7BE /* ViewController.swift */,
				B56419B61F07428A0050E7BE /* Main.storyboard */,
				B52A71CF1F0E5A2600B51C97 /* Task.swift */,
				B56419B91F07428A0050E7BE /* Assets.xcassets */,
				B56419BB1F07428A0050E7BE /* LaunchScreen.storyboard */,
				B56419BE1F07428A0050E7BE /* Info.plist */,
			);
			path = taskapp;
			sourceTree = "<group>";
		};
		C750EBA6725BCC284D8AAA34 /* Pods */ = {
			isa = PBXGroup;
			children = (
				7EED22907091F99A55DC60E8 /* Pods-taskapp.debug.xcconfig */,
				90C6F1F26CA0A2D51CE00AF2 /* Pods-taskapp.release.xcconfig */,
			);
			name = Pods;
			sourceTree = "<group>";
		};
/* End PBXGroup section */

/* Begin PBXNativeTarget section */
		B56419AE1F07428A0050E7BE /* taskapp */ = {
			isa = PBXNativeTarget;
			buildConfigurationList = B56419C11F07428A0050E7BE /* Build configuration list for PBXNativeTarget "taskapp" */;
			buildPhases = (
				F2710385A5464C3E38EE0797 /* [CP] Check Pods Manifest.lock */,
				B56419AB1F07428A0050E7BE /* Sources */,
				B56419AC1F07428A0050E7BE /* Frameworks */,
				B56419AD1F07428A0050E7BE /* Resources */,
				6A703A31C538BDB43E46D2D1 /* [CP] Embed Pods Frameworks */,
				09E2FDB198E56879D0A13AD7 /* [CP] Copy Pods Resources */,
			);
			buildRules = (
			);
			dependencies = (
			);
			name = taskapp;
			productName = taskapp;
			productReference = B56419AF1F07428A0050E7BE /* taskapp.app */;
			productType = "com.apple.product-type.application";
		};
/* End PBXNativeTarget section */

/* Begin PBXProject section */
		B56419A71F07428A0050E7BE /* Project object */ = {
			isa = PBXProject;
			attributes = {
				LastSwiftUpdateCheck = 0830;
				LastUpgradeCheck = 0830;
				ORGANIZATIONNAME = yuki.abe;
				TargetAttributes = {
					B56419AE1F07428A0050E7BE = {
						CreatedOnToolsVersion = 8.3.3;
						DevelopmentTeam = 88QH4F7X4H;
						ProvisioningStyle = Automatic;
					};
				};
			};
			buildConfigurationList = B56419AA1F07428A0050E7BE /* Build configuration list for PBXProject "taskapp" */;
			compatibilityVersion = "Xcode 3.2";
			developmentRegion = English;
			hasScannedForEncodings = 0;
			knownRegions = (
				en,
				Base,
			);
			mainGroup = B56419A61F07428A0050E7BE;
			productRefGroup = B56419B01F07428A0050E7BE /* Products */;
			projectDirPath = "";
			projectRoot = "";
			targets = (
				B56419AE1F07428A0050E7BE /* taskapp */,
			);
		};
/* End PBXProject section */

/* Begin PBXResourcesBuildPhase section */
		B56419AD1F07428A0050E7BE /* Resources */ = {
			isa = PBXResourcesBuildPhase;
			buildActionMask = 2147483647;
			files = (
				B56419BD1F07428A0050E7BE /* LaunchScreen.storyboard in Resources */,
				B56419BA1F07428A0050E7BE /* Assets.xcassets in Resources */,
				B56419B81F07428A0050E7BE /* Main.storyboard in Resources */,
			);
			runOnlyForDeploymentPostprocessing = 0;
		};
/* End PBXResourcesBuildPhase section */

/* Begin PBXShellScriptBuildPhase section */
		09E2FDB198E56879D0A13AD7 /* [CP] Copy Pods Resources */ = {
			isa = PBXShellScriptBuildPhase;
			buildActionMask = 2147483647;
			files = (
			);
			inputPaths = (
			);
			name = "[CP] Copy Pods Resources";
			outputPaths = (
			);
			runOnlyForDeploymentPostprocessing = 0;
			shellPath = /bin/sh;
			shellScript = "\"${SRCROOT}/Pods/Target Support Files/Pods-taskapp/Pods-taskapp-resources.sh\"\n";
			showEnvVarsInLog = 0;
		};
		6A703A31C538BDB43E46D2D1 /* [CP] Embed Pods Frameworks */ = {
			isa = PBXShellScriptBuildPhase;
			buildActionMask = 2147483647;
			files = (
			);
			inputPaths = (
			);
			name = "[CP] Embed Pods Frameworks";
			outputPaths = (
			);
			runOnlyForDeploymentPostprocessing = 0;
			shellPath = /bin/sh;
			shellScript = "\"${SRCROOT}/Pods/Target Support Files/Pods-taskapp/Pods-taskapp-frameworks.sh\"\n";
			showEnvVarsInLog = 0;
		};
		F2710385A5464C3E38EE0797 /* [CP] Check Pods Manifest.lock */ = {
			isa = PBXShellScriptBuildPhase;
			buildActionMask = 2147483647;
			files = (
			);
			inputPaths = (
			);
			name = "[CP] Check Pods Manifest.lock";
			outputPaths = (
			);
			runOnlyForDeploymentPostprocessing = 0;
			shellPath = /bin/sh;
			shellScript = "diff \"${PODS_ROOT}/../Podfile.lock\" \"${PODS_ROOT}/Manifest.lock\" > /dev/null\nif [ $? != 0 ] ; then\n    # print error to STDERR\n    echo \"error: The sandbox is not in sync with the Podfile.lock. Run 'pod install' or update your CocoaPods installation.\" >&2\n    exit 1\nfi\n";
			showEnvVarsInLog = 0;
		};
/* End PBXShellScriptBuildPhase section */

/* Begin PBXSourcesBuildPhase section */
		B56419AB1F07428A0050E7BE /* Sources */ = {
			isa = PBXSourcesBuildPhase;
			buildActionMask = 2147483647;
			files = (
				B52A71D01F0E5A2600B51C97 /* Task.swift in Sources */,
				B56419C51F07570B0050E7BE /* InputViewController.swift in Sources */,
				B56419B51F07428A0050E7BE /* ViewController.swift in Sources */,
				B56419B31F07428A0050E7BE /* AppDelegate.swift in Sources */,
			);
			runOnlyForDeploymentPostprocessing = 0;
		};
/* End PBXSourcesBuildPhase section */

/* Begin PBXVariantGroup section */
		B56419B61F07428A0050E7BE /* Main.storyboard */ = {
			isa = PBXVariantGroup;
			children = (
				B56419B71F07428A0050E7BE /* Base */,
			);
			name = Main.storyboard;
			sourceTree = "<group>";
		};
		B56419BB1F07428A0050E7BE /* LaunchScreen.storyboard */ = {
			isa = PBXVariantGroup;
			children = (
				B56419BC1F07428A0050E7BE /* Base */,
			);
			name = LaunchScreen.storyboard;
			sourceTree = "<group>";
		};
/* End PBXVariantGroup section */

/* Begin XCBuildConfiguration section */
		B56419BF1F07428A0050E7BE /* Debug */ = {
			isa = XCBuildConfiguration;
			buildSettings = {
				ALWAYS_SEARCH_USER_PATHS = NO;
				CLANG_ANALYZER_NONNULL = YES;
				CLANG_ANALYZER_NUMBER_OBJECT_CONVERSION = YES_AGGRESSIVE;
				CLANG_CXX_LANGUAGE_STANDARD = "gnu++0x";
				CLANG_CXX_LIBRARY = "libc++";
				CLANG_ENABLE_MODULES = YES;
				CLANG_ENABLE_OBJC_ARC = YES;
				CLANG_WARN_BOOL_CONVERSION = YES;
				CLANG_WARN_CONSTANT_CONVERSION = YES;
				CLANG_WARN_DIRECT_OBJC_ISA_USAGE = YES_ERROR;
				CLANG_WARN_DOCUMENTATION_COMMENTS = YES;
				CLANG_WARN_EMPTY_BODY = YES;
				CLANG_WARN_ENUM_CONVERSION = YES;
				CLANG_WARN_INFINITE_RECURSION = YES;
				CLANG_WARN_INT_CONVERSION = YES;
				CLANG_WARN_OBJC_ROOT_CLASS = YES_ERROR;
				CLANG_WARN_SUSPICIOUS_MOVE = YES;
				CLANG_WARN_UNREACHABLE_CODE = YES;
				CLANG_WARN__DUPLICATE_METHOD_MATCH = YES;
				"CODE_SIGN_IDENTITY[sdk=iphoneos*]" = "iPhone Developer";
				COPY_PHASE_STRIP = NO;
				DEBUG_INFORMATION_FORMAT = dwarf;
				ENABLE_STRICT_OBJC_MSGSEND = YES;
				ENABLE_TESTABILITY = YES;
				GCC_C_LANGUAGE_STANDARD = gnu99;
				GCC_DYNAMIC_NO_PIC = NO;
				GCC_NO_COMMON_BLOCKS = YES;
				GCC_OPTIMIZATION_LEVEL = 0;
				GCC_PREPROCESSOR_DEFINITIONS = (
					"DEBUG=1",
					"$(inherited)",
				);
				GCC_WARN_64_TO_32_BIT_CONVERSION = YES;
				GCC_WARN_ABOUT_RETURN_TYPE = YES_ERROR;
				GCC_WARN_UNDECLARED_SELECTOR = YES;
				GCC_WARN_UNINITIALIZED_AUTOS = YES_AGGRESSIVE;
				GCC_WARN_UNUSED_FUNCTION = YES;
				GCC_WARN_UNUSED_VARIABLE = YES;
				IPHONEOS_DEPLOYMENT_TARGET = 10.3;
				MTL_ENABLE_DEBUG_INFO = YES;
				ONLY_ACTIVE_ARCH = YES;
				SDKROOT = iphoneos;
				SWIFT_ACTIVE_COMPILATION_CONDITIONS = DEBUG;
				SWIFT_OPTIMIZATION_LEVEL = "-Onone";
			};
			name = Debug;
		};
		B56419C01F07428A0050E7BE /* Release */ = {
			isa = XCBuildConfiguration;
			buildSettings = {
				ALWAYS_SEARCH_USER_PATHS = NO;
				CLANG_ANALYZER_NONNULL = YES;
				CLANG_ANALYZER_NUMBER_OBJECT_CONVERSION = YES_AGGRESSIVE;
				CLANG_CXX_LANGUAGE_STANDARD = "gnu++0x";
				CLANG_CXX_LIBRARY = "libc++";
				CLANG_ENABLE_MODULES = YES;
				CLANG_ENABLE_OBJC_ARC = YES;
				CLANG_WARN_BOOL_CONVERSION = YES;
				CLANG_WARN_CONSTANT_CONVERSION = YES;
				CLANG_WARN_DIRECT_OBJC_ISA_USAGE = YES_ERROR;
				CLANG_WARN_DOCUMENTATION_COMMENTS = YES;
				CLANG_WARN_EMPTY_BODY = YES;
				CLANG_WARN_ENUM_CONVERSION = YES;
				CLANG_WARN_INFINITE_RECURSION = YES;
				CLANG_WARN_INT_CONVERSION = YES;
				CLANG_WARN_OBJC_ROOT_CLASS = YES_ERROR;
				CLANG_WARN_SUSPICIOUS_MOVE = YES;
				CLANG_WARN_UNREACHABLE_CODE = YES;
				CLANG_WARN__DUPLICATE_METHOD_MATCH = YES;
				"CODE_SIGN_IDENTITY[sdk=iphoneos*]" = "iPhone Developer";
				COPY_PHASE_STRIP = NO;
				DEBUG_INFORMATION_FORMAT = "dwarf-with-dsym";
				ENABLE_NS_ASSERTIONS = NO;
				ENABLE_STRICT_OBJC_MSGSEND = YES;
				GCC_C_LANGUAGE_STANDARD = gnu99;
				GCC_NO_COMMON_BLOCKS = YES;
				GCC_WARN_64_TO_32_BIT_CONVERSION = YES;
				GCC_WARN_ABOUT_RETURN_TYPE = YES_ERROR;
				GCC_WARN_UNDECLARED_SELECTOR = YES;
				GCC_WARN_UNINITIALIZED_AUTOS = YES_AGGRESSIVE;
				GCC_WARN_UNUSED_FUNCTION = YES;
				GCC_WARN_UNUSED_VARIABLE = YES;
				IPHONEOS_DEPLOYMENT_TARGET = 10.3;
				MTL_ENABLE_DEBUG_INFO = NO;
				SDKROOT = iphoneos;
				SWIFT_OPTIMIZATION_LEVEL = "-Owholemodule";
				VALIDATE_PRODUCT = YES;
			};
			name = Release;
		};
		B56419C21F07428A0050E7BE /* Debug */ = {
			isa = XCBuildConfiguration;
			baseConfigurationReference = 7EED22907091F99A55DC60E8 /* Pods-taskapp.debug.xcconfig */;
			buildSettings = {
				ASSETCATALOG_COMPILER_APPICON_NAME = AppIcon;
				DEVELOPMENT_TEAM = 88QH4F7X4H;
				INFOPLIST_FILE = taskapp/Info.plist;
				LD_RUNPATH_SEARCH_PATHS = "$(inherited) @executable_path/Frameworks";
				PRODUCT_BUNDLE_IDENTIFIER = jp.techacademy.yuki.abe.taskapp;
				PRODUCT_NAME = "$(TARGET_NAME)";
				SWIFT_VERSION = 3.0;
			};
			name = Debug;
		};
		B56419C31F07428A0050E7BE /* Release */ = {
			isa = XCBuildConfiguration;
			baseConfigurationReference = 90C6F1F26CA0A2D51CE00AF2 /* Pods-taskapp.release.xcconfig */;
			buildSettings = {
				ASSETCATALOG_COMPILER_APPICON_NAME = AppIcon;
				DEVELOPMENT_TEAM = 88QH4F7X4H;
				INFOPLIST_FILE = taskapp/Info.plist;
				LD_RUNPATH_SEARCH_PATHS = "$(inherited) @executable_path/Frameworks";
				PRODUCT_BUNDLE_IDENTIFIER = jp.techacademy.yuki.abe.taskapp;
				PRODUCT_NAME = "$(TARGET_NAME)";
				SWIFT_VERSION = 3.0;
			};
			name = Release;
		};
/* End XCBuildConfiguration section */

/* Begin XCConfigurationList section */
		B56419AA1F07428A0050E7BE /* Build configuration list for PBXProject "taskapp" */ = {
			isa = XCConfigurationList;
			buildConfigurations = (
				B56419BF1F07428A0050E7BE /* Debug */,
				B56419C01F07428A0050E7BE /* Release */,
			);
			defaultConfigurationIsVisible = 0;
			defaultConfigurationName = Release;
		};
		B56419C11F07428A0050E7BE /* Build configuration list for PBXNativeTarget "taskapp" */ = {
			isa = XCConfigurationList;
			buildConfigurations = (
				B56419C21F07428A0050E7BE /* Debug */,
				B56419C31F07428A0050E7BE /* Release */,
			);
			defaultConfigurationIsVisible = 0;
			defaultConfigurationName = Release;
		};
/* End XCConfigurationList section */
	};
	rootObject = B56419A71F07428A0050E7BE /* Project object */;
}
